
Microsoft Visual Studio Solution File, Format Version 12.00
# Visual Studio Version 17
VisualStudioVersion = 17.0.31903.59
MinimumVisualStudioVersion = 10.0.40219.1
Project("{2150E333-8FDC-42A3-9474-1A3956D46DE8}") = "src", "src", "{8339E074-F189-458C-BB38-9F8479F00310}"
EndProject
Project("{FAE04EC0-301F-11D3-BF4B-00C04F79EFBC}") = "HstReceipts.Core", "src\HstReceipts.Core\HstReceipts.Core.csproj", "{F0D6602E-31EE-4F33-A9D8-7DA5CF0863EF}"
EndProject
Project("{FAE04EC0-301F-11D3-BF4B-00C04F79EFBC}") = "HstReceipts.Infrastructure", "src\HstReceipts.Infrastructure\HstReceipts.Infrastructure.csproj", "{6B76C7B7-92F7-46D5-BFD1-06A5A4517879}"
EndProject
Project("{FAE04EC0-301F-11D3-BF4B-00C04F79EFBC}") = "HstReceipts.Web", "src\HstReceipts.Web\HstReceipts.Web.csproj", "{78FDA36F-6AF9-46A1-B3D1-3B63C57E4E92}"
EndProject
Project("{2150E333-8FDC-42A3-9474-1A3956D46DE8}") = "tests", "tests", "{13147BEE-2D6F-4E7D-919C-94E5397B4952}"
EndProject
Project("{FAE04EC0-301F-11D3-BF4B-00C04F79EFBC}") = "HstReceipts.Tests", "tests\HstReceipts.Tests\HstReceipts.Tests.csproj", "{41BFC01E-E01C-40DD-9770-A6064EC238F4}"
EndProject
Project("{FAE04EC0-301F-11D3-BF4B-00C04F79EFBC}") = "HstReceipts.Functions", "src\HstReceipts.Functions\HstReceipts.Functions.csproj", "{30EA41B2-8785-420D-9086-90C54F51A7BE}"
EndProject
Global
	GlobalSection(SolutionConfigurationPlatforms) = preSolution
		Debug|Any CPU = Debug|Any CPU
		Debug|x64 = Debug|x64
		Debug|x86 = Debug|x86
		Release|Any CPU = Release|Any CPU
		Release|x64 = Release|x64
		Release|x86 = Release|x86
	EndGlobalSection
	GlobalSection(ProjectConfigurationPlatforms) = postSolution
		{F0D6602E-31EE-4F33-A9D8-7DA5CF0863EF}.Debug|Any CPU.ActiveCfg = Debug|Any CPU
		{F0D6602E-31EE-4F33-A9D8-7DA5CF0863EF}.Debug|Any CPU.Build.0 = Debug|Any CPU
		{F0D6602E-31EE-4F33-A9D8-7DA5CF0863EF}.Debug|x64.ActiveCfg = Debug|Any CPU
		{F0D6602E-31EE-4F33-A9D8-7DA5CF0863EF}.Debug|x64.Build.0 = Debug|Any CPU
		{F0D6602E-31EE-4F33-A9D8-7DA5CF0863EF}.Debug|x86.ActiveCfg = Debug|Any CPU
		{F0D6602E-31EE-4F33-A9D8-7DA5CF0863EF}.Debug|x86.Build.0 = Debug|Any CPU
		{F0D6602E-31EE-4F33-A9D8-7DA5CF0863EF}.Release|Any CPU.ActiveCfg = Release|Any CPU
		{F0D6602E-31EE-4F33-A9D8-7DA5CF0863EF}.Release|Any CPU.Build.0 = Release|Any CPU
		{F0D6602E-31EE-4F33-A9D8-7DA5CF0863EF}.Release|x64.ActiveCfg = Release|Any CPU
		{F0D6602E-31EE-4F33-A9D8-7DA5CF0863EF}.Release|x64.Build.0 = Release|Any CPU
		{F0D6602E-31EE-4F33-A9D8-7DA5CF0863EF}.Release|x86.ActiveCfg = Release|Any CPU
		{F0D6602E-31EE-4F33-A9D8-7DA5CF0863EF}.Release|x86.Build.0 = Release|Any CPU
		{6B76C7B7-92F7-46D5-BFD1-06A5A4517879}.Debug|Any CPU.ActiveCfg = Debug|Any CPU
		{6B76C7B7-92F7-46D5-BFD1-06A5A4517879}.Debug|Any CPU.Build.0 = Debug|Any CPU
		{6B76C7B7-92F7-46D5-BFD1-06A5A4517879}.Debug|x64.ActiveCfg = Debug|Any CPU
		{6B76C7B7-92F7-46D5-BFD1-06A5A4517879}.Debug|x64.Build.0 = Debug|Any CPU
		{6B76C7B7-92F7-46D5-BFD1-06A5A4517879}.Debug|x86.ActiveCfg = Debug|Any CPU
		{6B76C7B7-92F7-46D5-BFD1-06A5A4517879}.Debug|x86.Build.0 = Debug|Any CPU
		{6B76C7B7-92F7-46D5-BFD1-06A5A4517879}.Release|Any CPU.ActiveCfg = Release|Any CPU
		{6B76C7B7-92F7-46D5-BFD1-06A5A4517879}.Release|Any CPU.Build.0 = Release|Any CPU
		{6B76C7B7-92F7-46D5-BFD1-06A5A4517879}.Release|x64.ActiveCfg = Release|Any CPU
		{6B76C7B7-92F7-46D5-BFD1-06A5A4517879}.Release|x64.Build.0 = Release|Any CPU
		{6B76C7B7-92F7-46D5-BFD1-06A5A4517879}.Release|x86.ActiveCfg = Release|Any CPU
		{6B76C7B7-92F7-46D5-BFD1-06A5A4517879}.Release|x86.Build.0 = Release|Any CPU
		{78FDA36F-6AF9-46A1-B3D1-3B63C57E4E92}.Debug|Any CPU.ActiveCfg = Debug|Any CPU
		{78FDA36F-6AF9-46A1-B3D1-3B63C57E4E92}.Debug|Any CPU.Build.0 = Debug|Any CPU
		{78FDA36F-6AF9-46A1-B3D1-3B63C57E4E92}.Debug|x64.ActiveCfg = Debug|Any CPU
		{78FDA36F-6AF9-46A1-B3D1-3B63C57E4E92}.Debug|x64.Build.0 = Debug|Any CPU
		{78FDA36F-6AF9-46A1-B3D1-3B63C57E4E92}.Debug|x86.ActiveCfg = Debug|Any CPU
		{78FDA36F-6AF9-46A1-B3D1-3B63C57E4E92}.Debug|x86.Build.0 = Debug|Any CPU
		{78FDA36F-6AF9-46A1-B3D1-3B63C57E4E92}.Release|Any CPU.ActiveCfg = Release|Any CPU
		{78FDA36F-6AF9-46A1-B3D1-3B63C57E4E92}.Release|Any CPU.Build.0 = Release|Any CPU
		{78FDA36F-6AF9-46A1-B3D1-3B63C57E4E92}.Release|x64.ActiveCfg = Release|Any CPU
		{78FDA36F-6AF9-46A1-B3D1-3B63C57E4E92}.Release|x64.Build.0 = Release|Any CPU
		{78FDA36F-6AF9-46A1-B3D1-3B63C57E4E92}.Release|x86.ActiveCfg = Release|Any CPU
		{78FDA36F-6AF9-46A1-B3D1-3B63C57E4E92}.Release|x86.Build.0 = Release|Any CPU
		{41BFC01E-E01C-40DD-9770-A6064EC238F4}.Debug|Any CPU.ActiveCfg = Debug|Any CPU
		{41BFC01E-E01C-40DD-9770-A6064EC238F4}.Debug|Any CPU.Build.0 = Debug|Any CPU
		{41BFC01E-E01C-40DD-9770-A6064EC238F4}.Debug|x64.ActiveCfg = Debug|Any CPU
		{41BFC01E-E01C-40DD-9770-A6064EC238F4}.Debug|x64.Build.0 = Debug|Any CPU
		{41BFC01E-E01C-40DD-9770-A6064EC238F4}.Debug|x86.ActiveCfg = Debug|Any CPU
		{41BFC01E-E01C-40DD-9770-A6064EC238F4}.Debug|x86.Build.0 = Debug|Any CPU
		{41BFC01E-E01C-40DD-9770-A6064EC238F4}.Release|Any CPU.ActiveCfg = Release|Any CPU
		{41BFC01E-E01C-40DD-9770-A6064EC238F4}.Release|Any CPU.Build.0 = Release|Any CPU
		{41BFC01E-E01C-40DD-9770-A6064EC238F4}.Release|x64.ActiveCfg = Release|Any CPU
		{41BFC01E-E01C-40DD-9770-A6064EC238F4}.Release|x64.Build.0 = Release|Any CPU
		{41BFC01E-E01C-40DD-9770-A6064EC238F4}.Release|x86.ActiveCfg = Release|Any CPU
		{41BFC01E-E01C-40DD-9770-A6064EC238F4}.Release|x86.Build.0 = Release|Any CPU
		{30EA41B2-8785-420D-9086-90C54F51A7BE}.Debug|Any CPU.ActiveCfg = Debug|Any CPU
		{30EA41B2-8785-420D-9086-90C54F51A7BE}.Debug|Any CPU.Build.0 = Debug|Any CPU
		{30EA41B2-8785-420D-9086-90C54F51A7BE}.Debug|x64.ActiveCfg = Debug|Any CPU
		{30EA41B2-8785-420D-9086-90C54F51A7BE}.Debug|x64.Build.0 = Debug|Any CPU
		{30EA41B2-8785-420D-9086-90C54F51A7BE}.Debug|x86.ActiveCfg = Debug|Any CPU
		{30EA41B2-8785-420D-9086-90C54F51A7BE}.Debug|x86.Build.0 = Debug|Any CPU
		{30EA41B2-8785-420D-9086-90C54F51A7BE}.Release|Any CPU.ActiveCfg = Release|Any CPU
		{30EA41B2-8785-420D-9086-90C54F51A7BE}.Release|Any CPU.Build.0 = Release|Any CPU
		{30EA41B2-8785-420D-9086-90C54F51A7BE}.Release|x64.ActiveCfg = Release|Any CPU
		{30EA41B2-8785-420D-9086-90C54F51A7BE}.Release|x64.Build.0 = Release|Any CPU
		{30EA41B2-8785-420D-9086-90C54F51A7BE}.Release|x86.ActiveCfg = Release|Any CPU
		{30EA41B2-8785-420D-9086-90C54F51A7BE}.Release|x86.Build.0 = Release|Any CPU
	EndGlobalSection
	GlobalSection(SolutionProperties) = preSolution
		HideSolutionNode = FALSE
	EndGlobalSection
	GlobalSection(NestedProjects) = preSolution
		{F0D6602E-31EE-4F33-A9D8-7DA5CF0863EF} = {8339E074-F189-458C-BB38-9F8479F00310}
		{6B76C7B7-92F7-46D5-BFD1-06A5A4517879} = {8339E074-F189-458C-BB38-9F8479F00310}
		{78FDA36F-6AF9-46A1-B3D1-3B63C57E4E92} = {8339E074-F189-458C-BB38-9F8479F00310}
		{41BFC01E-E01C-40DD-9770-A6064EC238F4} = {13147BEE-2D6F-4E7D-919C-94E5397B4952}
		{30EA41B2-8785-420D-9086-90C54F51A7BE} = {8339E074-F189-458C-BB38-9F8479F00310}
	EndGlobalSection
EndGlobal
